# This file is automatically @generated by Cargo.
# It is not intended for manual editing.
version = 4

[[package]]
name = "aho-corasick"
version = "1.1.4"
source = "registry+https://github.com/rust-lang/crates.io-index"
checksum = "ddd31a130427c27518df266943a5308ed92d4b226cc639f5a8f1002816174301"
dependencies = [
 "memchr",
]

[[package]]
name = "arborium"
version = "2.16.0"
source = "registry+https://github.com/rust-lang/crates.io-index"
checksum = "db65328fda517795f476b9d1b0794199cce180077e204629946a0705f0093093"
dependencies = [
 "arborium-ada",
 "arborium-agda",
 "arborium-asciidoc",
 "arborium-asm",
 "arborium-awk",
 "arborium-bash",
 "arborium-batch",
 "arborium-c",
 "arborium-c-sharp",
 "arborium-caddy",
 "arborium-capnp",
 "arborium-cedar",
 "arborium-cedarschema",
 "arborium-clojure",
 "arborium-cmake",
 "arborium-cobol",
 "arborium-commonlisp",
 "arborium-cpp",
 "arborium-css",
 "arborium-d",
 "arborium-dart",
 "arborium-devicetree",
 "arborium-diff",
 "arborium-dockerfile",
 "arborium-dot",
 "arborium-elisp",
 "arborium-elixir",
 "arborium-elm",
 "arborium-erlang",
 "arborium-fish",
 "arborium-fsharp",
 "arborium-gleam",
 "arborium-glsl",
 "arborium-go",
 "arborium-graphql",
 "arborium-groovy",
 "arborium-haskell",
 "arborium-hcl",
 "arborium-highlight",
 "arborium-hlsl",
 "arborium-html",
 "arborium-idris",
 "arborium-ini",
 "arborium-java",
 "arborium-javascript",
 "arborium-jinja2",
 "arborium-jq",
 "arborium-json",
 "arborium-julia",
 "arborium-kotlin",
 "arborium-lean",
 "arborium-lua",
 "arborium-markdown",
 "arborium-matlab",
 "arborium-meson",
 "arborium-nginx",
 "arborium-ninja",
 "arborium-nix",
 "arborium-objc",
 "arborium-ocaml",
 "arborium-perl",
 "arborium-php",
 "arborium-postscript",
 "arborium-powershell",
 "arborium-prolog",
 "arborium-python",
 "arborium-query",
 "arborium-r",
 "arborium-rego",
 "arborium-rescript",
 "arborium-ron",
 "arborium-ruby",
 "arborium-rust",
 "arborium-scala",
 "arborium-scheme",
 "arborium-scss",
 "arborium-solidity",
 "arborium-sparql",
 "arborium-sql",
 "arborium-ssh-config",
 "arborium-starlark",
 "arborium-styx",
 "arborium-svelte",
 "arborium-swift",
 "arborium-textproto",
 "arborium-theme",
 "arborium-thrift",
 "arborium-tlaplus",
 "arborium-toml",
 "arborium-tree-sitter",
 "arborium-tsx",
 "arborium-typescript",
 "arborium-typst",
 "arborium-uiua",
 "arborium-vb",
 "arborium-verilog",
 "arborium-vhdl",
 "arborium-vim",
 "arborium-vue",
 "arborium-wit",
 "arborium-x86asm",
 "arborium-xml",
 "arborium-yaml",
 "arborium-yuri",
 "arborium-zig",
 "arborium-zsh",
 "dlmalloc",
]

[[package]]
name = "arborium-ada"
version = "2.16.0"
source = "registry+https://github.com/rust-lang/crates.io-index"
checksum = "97497fe4d53cfcb8f1dbb174df1a222f67a2fb2254641b979c902412ccf8bbcc"
dependencies = [
 "arborium-sysroot",
 "cc",
 "tree-sitter-language",
]

[[package]]
name = "arborium-agda"
version = "2.16.0"
source = "registry+https://github.com/rust-lang/crates.io-index"
checksum = "e855d4f0f75d0941db1a694dc7af6a5969fb303d258d9f8845c5b64f709ef8e1"
dependencies = [
 "arborium-sysroot",
 "cc",
 "tree-sitter-language",
]

[[package]]
name = "arborium-asciidoc"
version = "2.16.0"
source = "registry+https://github.com/rust-lang/crates.io-index"
checksum = "3c689b0059992ac94ed54d227434a4c3643d4b77ae548d8e9df12f9033c22406"
dependencies = [
 "arborium-sysroot",
 "cc",
 "tree-sitter-language",
]

[[package]]
name = "arborium-asm"
version = "2.16.0"
source = "registry+https://github.com/rust-lang/crates.io-index"
checksum = "edea866e8e57cdbf94f1832cc5c619308f3133036e00d41f1c1b60dc17a0dcfb"
dependencies = [
 "arborium-sysroot",
 "cc",
 "tree-sitter-language",
]

[[package]]
name = "arborium-awk"
version = "2.16.0"
source = "registry+https://github.com/rust-lang/crates.io-index"
checksum = "e6394d80c220260dea82571556d905d837dffe06f5ed415d06ee78b5b6d73896"
dependencies = [
 "arborium-sysroot",
 "cc",
 "tree-sitter-language",
]

[[package]]
name = "arborium-bash"
version = "2.16.0"
source = "registry+https://github.com/rust-lang/crates.io-index"
checksum = "5b29627168ad951fccf683bac9b66674455b279eee7c03b61584207c9165aa6f"
dependencies = [
 "arborium-sysroot",
 "cc",
 "tree-sitter-language",
]

[[package]]
name = "arborium-batch"
version = "2.16.0"
source = "registry+https://github.com/rust-lang/crates.io-index"
checksum = "87e857cf7124cc81245ea39c4a4406d22aa4652689e0e53f1cc40b2d727a2117"
dependencies = [
 "arborium-sysroot",
 "cc",
 "tree-sitter-language",
]

[[package]]
name = "arborium-c"
version = "2.16.0"
source = "registry+https://github.com/rust-lang/crates.io-index"
checksum = "0f548f9082e4058b76a7c380033ad5f8d171e56999644fe5f92cfa3e70d3961f"
dependencies = [
 "arborium-sysroot",
 "cc",
 "tree-sitter-language",
]

[[package]]
name = "arborium-c-sharp"
version = "2.16.0"
source = "registry+https://github.com/rust-lang/crates.io-index"
checksum = "a502d3f9558457e6c854776d10016165509937b959b1e9b6c58a1fdfd7bb9747"
dependencies = [
 "arborium-sysroot",
 "cc",
 "tree-sitter-language",
]

[[package]]
name = "arborium-caddy"
version = "2.16.0"
source = "registry+https://github.com/rust-lang/crates.io-index"
checksum = "c2f1c4ad76ac175df082bd7f5c437b9eaca8e99fbecb0ca90a3b3cae4d0ea63f"
dependencies = [
 "arborium-sysroot",
 "cc",
 "tree-sitter-language",
]

[[package]]
name = "arborium-capnp"
version = "2.16.0"
source = "registry+https://github.com/rust-lang/crates.io-index"
checksum = "7728b5b5730be80713acf60aaa82da88b2c6cd0fa8323492b6590831383fda4c"
dependencies = [
 "arborium-sysroot",
 "cc",
 "tree-sitter-language",
]

[[package]]
name = "arborium-cedar"
version = "2.16.0"
source = "registry+https://github.com/rust-lang/crates.io-index"
checksum = "d6e76fb31826f29b46a7d03096c6b54213d973ba4a7c6f5b34cadefa13e37c1c"
dependencies = [
 "arborium-sysroot",
 "cc",
 "tree-sitter-language",
]

[[package]]
name = "arborium-cedarschema"
version = "2.16.0"
source = "registry+https://github.com/rust-lang/crates.io-index"
checksum = "b3e6c868caa7ee9c217862e8107454f5d8eec0e9a324694416f186789916a8ed"
dependencies = [
 "arborium-sysroot",
 "cc",
 "tree-sitter-language",
]

[[package]]
name = "arborium-clojure"
version = "2.16.0"
source = "registry+https://github.com/rust-lang/crates.io-index"
checksum = "03797fbdb9094565ed2695e9c0fbb18945154e7f63ce5dbb75879282411f91ab"
dependencies = [
 "arborium-sysroot",
 "cc",
 "tree-sitter-language",
]

[[package]]
name = "arborium-cmake"
version = "2.16.0"
source = "registry+https://github.com/rust-lang/crates.io-index"
checksum = "de7ed12fb552d2176f6998a8c7404097ab2ec0c716ad790143dd8c034d984851"
dependencies = [
 "arborium-sysroot",
 "cc",
 "tree-sitter-language",
]

[[package]]
name = "arborium-cobol"
version = "2.16.0"
source = "registry+https://github.com/rust-lang/crates.io-index"
checksum = "81fc5644e318729dc6bbbf637c6bfb624d553244cbae64fd7e27fc32338a5314"
dependencies = [
 "arborium-sysroot",
 "cc",
 "tree-sitter-language",
]

[[package]]
name = "arborium-commonlisp"
version = "2.16.0"
source = "registry+https://github.com/rust-lang/crates.io-index"
checksum = "716a0c044d0ab8f6443daf26bd2b298cc894edff187b5e04914b0b1df84a262e"
dependencies = [
 "arborium-sysroot",
 "cc",
 "tree-sitter-language",
]

[[package]]
name = "arborium-cpp"
version = "2.16.0"
source = "registry+https://github.com/rust-lang/crates.io-index"
checksum = "497a85adb48c08a0f5751e7a3e180e9a12491f81bcc32d517d99f69218fe2347"
dependencies = [
 "arborium-c",
 "arborium-sysroot",
 "cc",
 "tree-sitter-language",
]

[[package]]
name = "arborium-css"
version = "2.16.0"
source = "registry+https://github.com/rust-lang/crates.io-index"
checksum = "356459e8f05e0d34f11130105a8b41b9ca8d50026d8491de9f8943e46fe4f4d8"
dependencies = [
 "arborium-sysroot",
 "cc",
 "tree-sitter-language",
]

[[package]]
name = "arborium-d"
version = "2.16.0"
source = "registry+https://github.com/rust-lang/crates.io-index"
checksum = "48c4be46516340ea6d78d141c1b137b9f403da5381ac57ab988534a77ba9239f"
dependencies = [
 "arborium-sysroot",
 "cc",
 "tree-sitter-language",
]

[[package]]
name = "arborium-dart"
version = "2.16.0"
source = "registry+https://github.com/rust-lang/crates.io-index"
checksum = "8835eb31fd38b7a3d505acf6e4f792e614a0078406e460b8f26564bc0600ed5b"
dependencies = [
 "arborium-sysroot",
 "cc",
 "tree-sitter-language",
]

[[package]]
name = "arborium-devicetree"
version = "2.16.0"
source = "registry+https://github.com/rust-lang/crates.io-index"
checksum = "e55ed4ccf337f52a30d933493c91edcdb337c26c2bc0fca13ec43303fcb20532"
dependencies = [
 "arborium-sysroot",
 "cc",
 "tree-sitter-language",
]

[[package]]
name = "arborium-diff"
version = "2.16.0"
source = "registry+https://github.com/rust-lang/crates.io-index"
checksum = "3a296f6b4164bf57154ef44af3ce8a9e5b09eea32a9201e0f2bb51e51a55c995"
dependencies = [
 "arborium-sysroot",
 "cc",
 "tree-sitter-language",
]

[[package]]
name = "arborium-dockerfile"
version = "2.16.0"
source = "registry+https://github.com/rust-lang/crates.io-index"
checksum = "f2196d25a5ef3e2ff99e2e31fca2c4a3912e0242cc2696298a7f922b2d4c9d99"
dependencies = [
 "arborium-sysroot",
 "cc",
 "tree-sitter-language",
]

[[package]]
name = "arborium-dot"
version = "2.16.0"
source = "registry+https://github.com/rust-lang/crates.io-index"
checksum = "0dae9233a74dca35da683c0a0adbb7585d1a6c838a1994c707bc2efc6bc6f577"
dependencies = [
 "arborium-sysroot",
 "cc",
 "tree-sitter-language",
]

[[package]]
name = "arborium-elisp"
version = "2.16.0"
source = "registry+https://github.com/rust-lang/crates.io-index"
checksum = "49cdb4282fe7aef14d4f1fe4459d340f3c28322f58a36860930464c5a7579c64"
dependencies = [
 "arborium-sysroot",
 "cc",
 "tree-sitter-language",
]

[[package]]
name = "arborium-elixir"
version = "2.16.0"
source = "registry+https://github.com/rust-lang/crates.io-index"
checksum = "67065713f174b2caf557b2141fb721b73e8733ec881265e35ad757de6d536d5c"
dependencies = [
 "arborium-sysroot",
 "cc",
 "tree-sitter-language",
]

[[package]]
name = "arborium-elm"
version = "2.16.0"
source = "registry+https://github.com/rust-lang/crates.io-index"
checksum = "4d1fa689c8f528d53da176b197b8f82da89506e7475ae2714f23c4e55c896490"
dependencies = [
 "arborium-sysroot",
 "cc",
 "tree-sitter-language",
]

[[package]]
name = "arborium-erlang"
version = "2.16.0"
source = "registry+https://github.com/rust-lang/crates.io-index"
checksum = "4a27bbb20adc0de6ac9f5a71440d591a5945d3552b207f05a5c6e7b762cf3e73"
dependencies = [
 "arborium-sysroot",
 "cc",
 "tree-sitter-language",
]

[[package]]
name = "arborium-fish"
version = "2.16.0"
source = "registry+https://github.com/rust-lang/crates.io-index"
checksum = "7121fbcf5e1b363f4bc05d2ea2b6007bafa5d5c73f890545e67cb21f0b672f33"
dependencies = [
 "arborium-sysroot",
 "cc",
 "tree-sitter-language",
]

[[package]]
name = "arborium-fsharp"
version = "2.16.0"
source = "registry+https://github.com/rust-lang/crates.io-index"
checksum = "83a5e7f46f245ed6afc7ccc795d53f29295d8df78b984ddd9406832a3f82d14b"
dependencies = [
 "arborium-sysroot",
 "cc",
 "tree-sitter-language",
]

[[package]]
name = "arborium-gleam"
version = "2.16.0"
source = "registry+https://github.com/rust-lang/crates.io-index"
checksum = "e31bba433bfd539719583c860e7143d82de1f0ad9bfd3b627ccbfd5d1c7e3d50"
dependencies = [
 "arborium-sysroot",
 "cc",
 "tree-sitter-language",
]

[[package]]
name = "arborium-glsl"
version = "2.16.0"
source = "registry+https://github.com/rust-lang/crates.io-index"
checksum = "2956f21d0985b8d6cd0596e8ba80b4c38cd3c463460e565fdca349f13cd148b4"
dependencies = [
 "arborium-c",
 "arborium-sysroot",
 "cc",
 "tree-sitter-language",
]

[[package]]
name = "arborium-go"
version = "2.16.0"
source = "registry+https://github.com/rust-lang/crates.io-index"
checksum = "9ca870be2733159145abdb43c3b265de85f84efb459ca7f612593c6b2cbee48e"
dependencies = [
 "arborium-sysroot",
 "cc",
 "tree-sitter-language",
]

[[package]]
name = "arborium-graphql"
version = "2.16.0"
source = "registry+https://github.com/rust-lang/crates.io-index"
checksum = "f431b6bd030c4a22b842492f9ad4020c71bbf668264b9f2a3b3c0a97aa59eb77"
dependencies = [
 "arborium-sysroot",
 "cc",
 "tree-sitter-language",
]

[[package]]
name = "arborium-groovy"
version = "2.16.0"
source = "registry+https://github.com/rust-lang/crates.io-index"
checksum = "6c54f69893e42b1a1f0fad2681e51f746f3ae8cc0063b19157454d8aec1bb3ce"
dependencies = [
 "arborium-sysroot",
 "cc",
 "tree-sitter-language",
]

[[package]]
name = "arborium-haskell"
version = "2.16.0"
source = "registry+https://github.com/rust-lang/crates.io-index"
checksum = "2306ab6218532551190bedda56c4dbca10642abc78fb19c3501245153770d09d"
dependencies = [
 "arborium-sysroot",
 "cc",
 "tree-sitter-language",
]

[[package]]
name = "arborium-hcl"
version = "2.16.0"
source = "registry+https://github.com/rust-lang/crates.io-index"
checksum = "3669465447c57fba780684e6da72b90b4ba3a3e66e703c49d1cfb7d89a1a49d4"
dependencies = [
 "arborium-sysroot",
 "cc",
 "tree-sitter-language",
]

[[package]]
name = "arborium-highlight"
version = "2.16.0"
source = "registry+https://github.com/rust-lang/crates.io-index"
checksum = "517a6778e29dc5d73d3c9993836bad9bc6fdd8bd8037fe7fd3f295e866d5cdab"
dependencies = [
 "arborium-theme",
 "arborium-tree-sitter",
 "streaming-iterator",
]

[[package]]
name = "arborium-hlsl"
version = "2.16.0"
source = "registry+https://github.com/rust-lang/crates.io-index"
checksum = "3dcde135665ee13bb05341b47b3b2fb605cc8c315f1afa2c7666912a07dbf7d6"
dependencies = [
 "arborium-cpp",
 "arborium-sysroot",
 "cc",
 "tree-sitter-language",
]

[[package]]
name = "arborium-html"
version = "2.16.0"
source = "registry+https://github.com/rust-lang/crates.io-index"
checksum = "10dc4b68331e73185be5ecefa85f14ddbc4cf708c387650046826b04811b7596"
dependencies = [
 "arborium-css",
 "arborium-javascript",
 "arborium-sysroot",
 "cc",
 "tree-sitter-language",
]

[[package]]
name = "arborium-idris"
version = "2.16.0"
source = "registry+https://github.com/rust-lang/crates.io-index"
checksum = "a31b6834e1f52553a4fc487ab7f290dae106b57a42223623ff3841c3090542ae"
dependencies = [
 "arborium-sysroot",
 "cc",
 "tree-sitter-language",
]

[[package]]
name = "arborium-ini"
version = "2.16.0"
source = "registry+https://github.com/rust-lang/crates.io-index"
checksum = "be6eb76d7c940ab8d1f551c39927bd6d0d5eba3b2d37bb5bfe646f1c65841475"
dependencies = [
 "arborium-sysroot",
 "cc",
 "tree-sitter-language",
]

[[package]]
name = "arborium-java"
version = "2.16.0"
source = "registry+https://github.com/rust-lang/crates.io-index"
checksum = "1aabb607d0a835d6f9f93b99f937c9f5304115a16ff5009890ac665005baf159"
dependencies = [
 "arborium-sysroot",
 "cc",
 "tree-sitter-language",
]

[[package]]
name = "arborium-javascript"
version = "2.16.0"
source = "registry+https://github.com/rust-lang/crates.io-index"
checksum = "d2bc4cd42b968c2ba2dbac049ce7e9c94611cad1ff13c0b1dc8c84b0f314f1ce"
dependencies = [
 "arborium-sysroot",
 "cc",
 "tree-sitter-language",
]

[[package]]
name = "arborium-jinja2"
version = "2.16.0"
source = "registry+https://github.com/rust-lang/crates.io-index"
checksum = "92e48811161ee5bd7c70f1724f02e3664e0bfbb5cc3c1f94759988530c6571a6"
dependencies = [
 "arborium-sysroot",
 "cc",
 "tree-sitter-language",
]

[[package]]
name = "arborium-jq"
version = "2.16.0"
source = "registry+https://github.com/rust-lang/crates.io-index"
checksum = "f67705dd49f0d8773a93ebd74a5eef2069575d8881e00eaf5d07916d8280cf28"
dependencies = [
 "arborium-sysroot",
 "cc",
 "tree-sitter-language",
]

[[package]]
name = "arborium-json"
version = "2.16.0"
source = "registry+https://github.com/rust-lang/crates.io-index"
checksum = "e97a71fbd9dcbe232f6b71fd5f526d6a20178920bc277298037f1dd80dfa8983"
dependencies = [
 "arborium-sysroot",
 "cc",
 "tree-sitter-language",
]

[[package]]
name = "arborium-julia"
version = "2.16.0"
source = "registry+https://github.com/rust-lang/crates.io-index"
checksum = "edc2f129dee42a876cb4722b34c99c2ef44a4aaa07c67d73fc0fd90c06ded729"
dependencies = [
 "arborium-sysroot",
 "cc",
 "tree-sitter-language",
]

[[package]]
name = "arborium-kotlin"
version = "2.16.0"
source = "registry+https://github.com/rust-lang/crates.io-index"
checksum = "7160c7a584a418f1fd71c98d1b2ddf7ed78ef8c5839273e82fe3273e5a27735f"
dependencies = [
 "arborium-sysroot",
 "cc",
 "tree-sitter-language",
]

[[package]]
name = "arborium-lean"
version = "2.16.0"
source = "registry+https://github.com/rust-lang/crates.io-index"
checksum = "890a91e3dade32ffc4e6022caae207c434d17c1dda77e210a560db8c330c1f06"
dependencies = [
 "arborium-sysroot",
 "cc",
 "tree-sitter-language",
]

[[package]]
name = "arborium-lua"
version = "2.16.0"
source = "registry+https://github.com/rust-lang/crates.io-index"
checksum = "dbe5948a7e0fb3e9401e5384e2e05099d2b79891fb9c32b8eef4c48b488fab83"
dependencies = [
 "arborium-sysroot",
 "cc",
 "tree-sitter-language",
]

[[package]]
name = "arborium-markdown"
version = "2.16.0"
source = "registry+https://github.com/rust-lang/crates.io-index"
checksum = "8bc5fe5bc91e51a7ce97c48a30bdc84df64d0949c79b9cf2e22da553307a8378"
dependencies = [
 "arborium-html",
 "arborium-sysroot",
 "arborium-toml",
 "arborium-yaml",
 "cc",
 "tree-sitter-language",
]

[[package]]
name = "arborium-matlab"
version = "2.16.0"
source = "registry+https://github.com/rust-lang/crates.io-index"
checksum = "dbd53d61b518e0dc0f5ad0e4a2bcd940b30718dea1da5d43cfed0689063da6dd"
dependencies = [
 "arborium-sysroot",
 "cc",
 "tree-sitter-language",
]

[[package]]
name = "arborium-meson"
version = "2.16.0"
source = "registry+https://github.com/rust-lang/crates.io-index"
checksum = "edd14e9563cc0ecc188314459dca8e5455efaf7be47c880c41dda79f3e885a8b"
dependencies = [
 "arborium-sysroot",
 "cc",
 "tree-sitter-language",
]

[[package]]
name = "arborium-nginx"
version = "2.16.0"
source = "registry+https://github.com/rust-lang/crates.io-index"
checksum = "024c912c388b95eb630c144b6fdceb5830f25c372ea42b560368c02807a9a9b5"
dependencies = [
 "arborium-sysroot",
 "cc",
 "tree-sitter-language",
]

[[package]]
name = "arborium-ninja"
version = "2.16.0"
source = "registry+https://github.com/rust-lang/crates.io-index"
checksum = "dd23a8766e059ba49bb4c028da0be90ba8c77302413e96de15f5f318bf48adb1"
dependencies = [
 "arborium-sysroot",
 "cc",
 "tree-sitter-language",
]

[[package]]
name = "arborium-nix"
version = "2.16.0"
source = "registry+https://github.com/rust-lang/crates.io-index"
checksum = "f723c946ed96b2d29819cfb69fb10380bc56ebd484e76b26768b5ff73ef58a05"
dependencies = [
 "arborium-sysroot",
 "cc",
 "tree-sitter-language",
]

[[package]]
name = "arborium-objc"
version = "2.16.0"
source = "registry+https://github.com/rust-lang/crates.io-index"
checksum = "7580b52541461ace2026ad4c2a7c9c461e653c6a1c257d608b1422af4d74ef67"
dependencies = [
 "arborium-c",
 "arborium-sysroot",
 "cc",
 "tree-sitter-language",
]

[[package]]
name = "arborium-ocaml"
version = "2.16.0"
source = "registry+https://github.com/rust-lang/crates.io-index"
checksum = "4e83d814759e10efb5bb1e3bae9526e223c6164f60cf2d426d7d434f017c7a99"
dependencies = [
 "arborium-sysroot",
 "cc",
 "tree-sitter-language",
]

[[package]]
name = "arborium-perl"
version = "2.16.0"
source = "registry+https://github.com/rust-lang/crates.io-index"
checksum = "a8384abd3b609462206289ad6ed176802c8162d75fe95fe3edc7366f8faaf581"
dependencies = [
 "arborium-sysroot",
 "cc",
 "tree-sitter-language",
]

[[package]]
name = "arborium-php"
version = "2.16.0"
source = "registry+https://github.com/rust-lang/crates.io-index"
checksum = "9acba04c45ac07f12964bb6317dc992cd7b04fd47f8a117f332280bc9ad0adea"
dependencies = [
 "arborium-sysroot",
 "cc",
 "tree-sitter-language",
]

[[package]]
name = "arborium-postscript"
version = "2.16.0"
source = "registry+https://github.com/rust-lang/crates.io-index"
checksum = "931ef879e3d76a24bfbeb8ac90de412a67c6d1e54f385a192d8e9d983cdb9c5d"
dependencies = [
 "arborium-sysroot",
 "cc",
 "tree-sitter-language",
]

[[package]]
name = "arborium-powershell"
version = "2.16.0"
source = "registry+https://github.com/rust-lang/crates.io-index"
checksum = "cd686774f76ea4bdd43df840d69d2a165eb517d0e61b5cfcf09d66b254f93b47"
dependencies = [
 "arborium-sysroot",
 "cc",
 "tree-sitter-language",
]

[[package]]
name = "arborium-prolog"
version = "2.16.0"
source = "registry+https://github.com/rust-lang/crates.io-index"
checksum = "e58e58d71748fd1b67d17e8c95d278a1930b6d27b2305462c9b1b06d0fb91ad3"
dependencies = [
 "arborium-sysroot",
 "cc",
 "tree-sitter-language",
]

[[package]]
name = "arborium-python"
version = "2.16.0"
source = "registry+https://github.com/rust-lang/crates.io-index"
checksum = "0a082f841095a9a5c2fbe2b3e37179868c9e1084ed3506dfb56fbe380311ab15"
dependencies = [
 "arborium-sysroot",
 "cc",
 "tree-sitter-language",
]

[[package]]
name = "arborium-query"
version = "2.16.0"
source = "registry+https://github.com/rust-lang/crates.io-index"
checksum = "27097f26481cb94e1ad0cb924398dccefb2904970defb363b9565d24d3bc1c88"
dependencies = [
 "arborium-sysroot",
 "cc",
 "tree-sitter-language",
]

[[package]]
name = "arborium-r"
version = "2.16.0"
source = "registry+https://github.com/rust-lang/crates.io-index"
checksum = "305294a9e5742a0228800118e6460dd6fb1ac61b0ba76316141fcfbef3016ccc"
dependencies = [
 "arborium-sysroot",
 "cc",
 "tree-sitter-language",
]

[[package]]
name = "arborium-rego"
version = "2.16.0"
source = "registry+https://github.com/rust-lang/crates.io-index"
checksum = "688ca70e774a310961557e123a44b01ec79796629cdd0d67f83b6ea163210059"
dependencies = [
 "arborium-sysroot",
 "cc",
 "tree-sitter-language",
]

[[package]]
name = "arborium-rescript"
version = "2.16.0"
source = "registry+https://github.com/rust-lang/crates.io-index"
checksum = "fc7c8055a83d5a4802e0b6fd10ff97a7bbd26310886f321d5e926da465b02cf3"
dependencies = [
 "arborium-sysroot",
 "cc",
 "tree-sitter-language",
]

[[package]]
name = "arborium-ron"
version = "2.16.0"
source = "registry+https://github.com/rust-lang/crates.io-index"
checksum = "96419fe99861508e6012b73cb2a6673a77a6687fcb2cde5ff2dd0106ed6665d2"
dependencies = [
 "arborium-sysroot",
 "cc",
 "tree-sitter-language",
]

[[package]]
name = "arborium-ruby"
version = "2.16.0"
source = "registry+https://github.com/rust-lang/crates.io-index"
checksum = "8a35a7d46728a271f2bf19e9ed149d8174d184ff2f9a73fb73eb6eefc164c67b"
dependencies = [
 "arborium-sysroot",
 "cc",
 "tree-sitter-language",
]

[[package]]
name = "arborium-rust"
version = "2.16.0"
source = "registry+https://github.com/rust-lang/crates.io-index"
checksum = "fdac14e869cffb0378a3f6535f814f1105dd9cbe223f29751589c07f81a6d4a5"
dependencies = [
 "arborium-sysroot",
 "cc",
 "tree-sitter-language",
]

[[package]]
name = "arborium-scala"
version = "2.16.0"
source = "registry+https://github.com/rust-lang/crates.io-index"
checksum = "ff7289f553e5e18eb627c77760f1e935e47a5f68eb6c0b759f83bf2a7647e66d"
dependencies = [
 "arborium-sysroot",
 "cc",
 "tree-sitter-language",
]

[[package]]
name = "arborium-scheme"
version = "2.16.0"
source = "registry+https://github.com/rust-lang/crates.io-index"
checksum = "2f910e366fd983b8df7df409eb0a3615b37207764040c2aa888dd31ebe35e469"
dependencies = [
 "arborium-sysroot",
 "cc",
 "tree-sitter-language",
]

[[package]]
name = "arborium-scss"
version = "2.16.0"
source = "registry+https://github.com/rust-lang/crates.io-index"
checksum = "b47d2baa433b72c246ef968a078600996c6d761555c3fd7f5b837bfd68cca81f"
dependencies = [
 "arborium-css",
 "arborium-sysroot",
 "cc",
 "tree-sitter-language",
]

[[package]]
name = "arborium-solidity"
version = "2.16.0"
source = "registry+https://github.com/rust-lang/crates.io-index"
checksum = "196a86582b21922c0811f62423d596cf3bb7401da95d100d0c36e7d96f73e19d"
dependencies = [
 "arborium-sysroot",
 "cc",
 "tree-sitter-language",
]

[[package]]
name = "arborium-sparql"
version = "2.16.0"
source = "registry+https://github.com/rust-lang/crates.io-index"
checksum = "95f2075d8f6992242631d7f33a23fe4634c8d3be7045c22c4dff1b54a3d3888f"
dependencies = [
 "arborium-sysroot",
 "cc",
 "tree-sitter-language",
]

[[package]]
name = "arborium-sql"
version = "2.16.0"
source = "registry+https://github.com/rust-lang/crates.io-index"
checksum = "eb00e1662fb869a9298c5809a435a90909c6bd39c9c4caf0fee4f8f843606344"
dependencies = [
 "arborium-sysroot",
 "cc",
 "tree-sitter-language",
]

[[package]]
name = "arborium-ssh-config"
version = "2.16.0"
source = "registry+https://github.com/rust-lang/crates.io-index"
checksum = "518b67e22f031e607e4f57669a9e9d1aca894796a81acded9d22be15b744cae0"
dependencies = [
 "arborium-sysroot",
 "cc",
 "tree-sitter-language",
]

[[package]]
name = "arborium-starlark"
version = "2.16.0"
source = "registry+https://github.com/rust-lang/crates.io-index"
checksum = "c28a4d5c6f3da2003a9a540aa450cfcfefd1b67a46171cb837cadcfe69477f35"
dependencies = [
 "arborium-sysroot",
 "cc",
 "tree-sitter-language",
]

[[package]]
name = "arborium-styx"
version = "2.16.0"
source = "registry+https://github.com/rust-lang/crates.io-index"
checksum = "e9482afa498f41904ea0753acd9dba43863996f172534d76189daa62388dac62"
dependencies = [
 "arborium-sysroot",
 "cc",
 "tree-sitter-language",
]

[[package]]
name = "arborium-svelte"
version = "2.16.0"
source = "registry+https://github.com/rust-lang/crates.io-index"
checksum = "b7060d215677a3e0831f4bd7de963f9d01d21977aa5ece0ada366f71facefcc1"
dependencies = [
 "arborium-css",
 "arborium-html",
 "arborium-javascript",
 "arborium-scss",
 "arborium-sysroot",
 "arborium-typescript",
 "cc",
 "tree-sitter-language",
]

[[package]]
name = "arborium-swift"
version = "2.16.0"
source = "registry+https://github.com/rust-lang/crates.io-index"
checksum = "ea078709519f5c02a050e95edbeae6191ea0189a666d836d9400faf574734b95"
dependencies = [
 "arborium-sysroot",
 "cc",
 "tree-sitter-language",
]

[[package]]
name = "arborium-sysroot"
version = "2.16.0"
source = "registry+https://github.com/rust-lang/crates.io-index"
checksum = "43374e79fbeaedc2bf27eed475c26686c8ed8eef2180854eef22340b9e25b64a"
dependencies = [
 "cc",
 "dlmalloc",
]

[[package]]
name = "arborium-textproto"
version = "2.16.0"
source = "registry+https://github.com/rust-lang/crates.io-index"
checksum = "945eb92b1ce86543e61bf2d9313ce70cab5f4c64d6eb720672d91f66678942da"
dependencies = [
 "arborium-sysroot",
 "cc",
 "tree-sitter-language",
]

[[package]]
name = "arborium-theme"
version = "2.16.0"
source = "registry+https://github.com/rust-lang/crates.io-index"
checksum = "4b6dc64ecabaad99640e27c351008b1fd6df46bcfaefab6c0e315aac3247d1d9"

[[package]]
name = "arborium-thrift"
version = "2.16.0"
source = "registry+https://github.com/rust-lang/crates.io-index"
checksum = "27822fe2242de0057361c09ece02838e511b6f6b8e9a1f6d4992a3b9aafa5b8c"
dependencies = [
 "arborium-sysroot",
 "cc",
 "tree-sitter-language",
]

[[package]]
name = "arborium-tlaplus"
version = "2.16.0"
source = "registry+https://github.com/rust-lang/crates.io-index"
checksum = "ec2471755e239a4409b940b841945337eac5a976b8ab3081d14a69bbd39bb869"
dependencies = [
 "arborium-sysroot",
 "cc",
 "tree-sitter-language",
]

[[package]]
name = "arborium-toml"
version = "2.16.0"
source = "registry+https://github.com/rust-lang/crates.io-index"
checksum = "069ccfccf82bc3698431d3845b0398249c331898c04f6bb2c01a465d92821780"
dependencies = [
 "arborium-sysroot",
 "cc",
 "tree-sitter-language",
]

[[package]]
name = "arborium-tree-sitter"
version = "2.16.0"
source = "registry+https://github.com/rust-lang/crates.io-index"
checksum = "f5a9280a27a2fd42ffbf3b72b99d60122f2c28c55c16c39da8ba2d126d1856c4"
dependencies = [
 "arborium-sysroot",
 "cc",
 "regex",
 "regex-syntax",
 "streaming-iterator",
 "tree-sitter-language",
]

[[package]]
name = "arborium-tsx"
version = "2.16.0"
source = "registry+https://github.com/rust-lang/crates.io-index"
checksum = "85a69221bfca865125eafdb291ce708795f6984ca5ab7172381276c098a8e543"
dependencies = [
 "arborium-javascript",
 "arborium-sysroot",
 "cc",
 "tree-sitter-language",
]

[[package]]
name = "arborium-typescript"
version = "2.16.0"
source = "registry+https://github.com/rust-lang/crates.io-index"
checksum = "8f0bd47142ea2f37a5e72e3543c0ce1250ab76ac5bbe8288d7cf4638784ad432"
dependencies = [
 "arborium-javascript",
 "arborium-sysroot",
 "cc",
 "tree-sitter-language",
]

[[package]]
name = "arborium-typst"
version = "2.16.0"
source = "registry+https://github.com/rust-lang/crates.io-index"
checksum = "42ee652342abcdd9472531ad6b34fab52e766d72dfc5ba45656dec39266c387a"
dependencies = [
 "arborium-sysroot",
 "cc",
 "tree-sitter-language",
]

[[package]]
name = "arborium-uiua"
version = "2.16.0"
source = "registry+https://github.com/rust-lang/crates.io-index"
checksum = "c2ce6ff37d80ec471a14b70cace9e94ea0b87099155fc4076287823b4afecc68"
dependencies = [
 "arborium-sysroot",
 "cc",
 "tree-sitter-language",
]

[[package]]
name = "arborium-vb"
version = "2.16.0"
source = "registry+https://github.com/rust-lang/crates.io-index"
checksum = "a9834b1f36a18fead444c8b17cdf43fd1b37db1f82244102e0be91c81d2ebebb"
dependencies = [
 "arborium-sysroot",
 "cc",
 "tree-sitter-language",
]

[[package]]
name = "arborium-verilog"
version = "2.16.0"
source = "registry+https://github.com/rust-lang/crates.io-index"
checksum = "011918987248c0e5a327fb739fd9cf8faf784a400031f04482003d132d442d53"
dependencies = [
 "arborium-sysroot",
 "cc",
 "tree-sitter-language",
]

[[package]]
name = "arborium-vhdl"
version = "2.16.0"
source = "registry+https://github.com/rust-lang/crates.io-index"
checksum = "b927565ccedc386126ba002c8563aa5fdadb2c92e31c8adcc9d8d2cf72f7ae21"
dependencies = [
 "arborium-sysroot",
 "cc",
 "tree-sitter-language",
]

[[package]]
name = "arborium-vim"
version = "2.16.0"
source = "registry+https://github.com/rust-lang/crates.io-index"
checksum = "a5fd6f1c5af8034af25061dd4b65b48124a1f7431c8ad0ff0c47144929eb1e65"
dependencies = [
 "arborium-sysroot",
 "cc",
 "tree-sitter-language",
]

[[package]]
name = "arborium-vue"
version = "2.16.0"
source = "registry+https://github.com/rust-lang/crates.io-index"
checksum = "642738578d838bff1408bf48ce4ca4d2e5ff65e5e45a3d6ff50e6601cc47a964"
dependencies = [
 "arborium-css",
 "arborium-html",
 "arborium-javascript",
 "arborium-scss",
 "arborium-sysroot",
 "arborium-typescript",
 "cc",
 "tree-sitter-language",
]

[[package]]
name = "arborium-wit"
version = "2.16.0"
source = "registry+https://github.com/rust-lang/crates.io-index"
checksum = "7a192390ff7c63cee998570c4e7a9b0937f2086414fc67a1ba8b4c3b1df46f28"
dependencies = [
 "arborium-sysroot",
 "cc",
 "tree-sitter-language",
]

[[package]]
name = "arborium-x86asm"
version = "2.16.0"
source = "registry+https://github.com/rust-lang/crates.io-index"
checksum = "e9a2833297ab078c3e0e2acca9133fe79900d121456af86ccabd32291e427102"
dependencies = [
 "arborium-sysroot",
 "cc",
 "tree-sitter-language",
]

[[package]]
name = "arborium-xml"
version = "2.16.0"
source = "registry+https://github.com/rust-lang/crates.io-index"
checksum = "19af26d5e3df1e17503002eecf84bd001da6d2e753793cf2fdb4fe86dc078f05"
dependencies = [
 "arborium-sysroot",
 "cc",
 "tree-sitter-language",
]

[[package]]
name = "arborium-yaml"
version = "2.16.0"
source = "registry+https://github.com/rust-lang/crates.io-index"
checksum = "6271e0c1be230902a18bc00ffc334bd6266c984e46a88a66ea9a13f0fea2b75c"
dependencies = [
 "arborium-sysroot",
 "cc",
 "tree-sitter-language",
]

[[package]]
name = "arborium-yuri"
version = "2.16.0"
source = "registry+https://github.com/rust-lang/crates.io-index"
checksum = "46945856dc58bc02559ce86c10bd61c87032b12d17f011affb536ecd72aa0f2e"
dependencies = [
 "arborium-sysroot",
 "cc",
 "tree-sitter-language",
]

[[package]]
name = "arborium-zig"
version = "2.16.0"
source = "registry+https://github.com/rust-lang/crates.io-index"
checksum = "95db2d473321e29c403dc07bd3da7fcc579a02c10bc4811876046803130e0bb8"
dependencies = [
 "arborium-sysroot",
 "cc",
 "tree-sitter-language",
]

[[package]]
name = "arborium-zsh"
version = "2.16.0"
source = "registry+https://github.com/rust-lang/crates.io-index"
checksum = "6cf9cab6f5e7770f28b5f9e352e43c1b592789ccc4e8d82f839a779e099efc0d"
dependencies = [
 "arborium-sysroot",
 "cc",
 "tree-sitter-language",
]

[[package]]
name = "are"
version = "1.2.1"
dependencies = [
 "arborium",
 "crossterm",
 "lazy_static",
 "serde",
 "serde_json",
 "tokio",
 "tree-sitter",
]

[[package]]
name = "bitflags"
version = "2.10.0"
source = "registry+https://github.com/rust-lang/crates.io-index"
checksum = "812e12b5285cc515a9c72a5c1d3b6d46a19dac5acfef5265968c166106e31dd3"

[[package]]
name = "bytes"
version = "1.11.1"
source = "registry+https://github.com/rust-lang/crates.io-index"
checksum = "1e748733b7cbc798e1434b6ac524f0c1ff2ab456fe201501e6497c8417a4fc33"

[[package]]
name = "cc"
version = "1.2.58"
source = "registry+https://github.com/rust-lang/crates.io-index"
checksum = "e1e928d4b69e3077709075a938a05ffbedfa53a84c8f766efbf8220bb1ff60e1"
dependencies = [
 "find-msvc-tools",
 "shlex",
]

[[package]]
name = "cfg-if"
version = "1.0.4"
source = "registry+https://github.com/rust-lang/crates.io-index"
checksum = "9330f8b2ff13f34540b44e946ef35111825727b38d33286ef986142615121801"

[[package]]
name = "crossterm"
version = "0.27.0"
source = "registry+https://github.com/rust-lang/crates.io-index"
checksum = "f476fe445d41c9e991fd07515a6f463074b782242ccf4a5b7b1d1012e70824df"
dependencies = [
 "bitflags",
 "crossterm_winapi",
 "libc",
 "mio 0.8.11",
 "parking_lot",
 "signal-hook",
 "signal-hook-mio",
 "winapi",
]

[[package]]
name = "crossterm_winapi"
version = "0.9.1"
source = "registry+https://github.com/rust-lang/crates.io-index"
checksum = "acdd7c62a3665c7f6830a51635d9ac9b23ed385797f70a83bb8bafe9c572ab2b"
dependencies = [
 "winapi",
]

[[package]]
name = "dlmalloc"
version = "0.2.13"
source = "registry+https://github.com/rust-lang/crates.io-index"
checksum = "9f5b01c17f85ee988d832c40e549a64bd89ab2c9f8d8a613bdf5122ae507e294"
dependencies = [
 "cfg-if",
 "libc",
 "windows-sys 0.61.2",
]

[[package]]
name = "errno"
version = "0.3.14"
source = "registry+https://github.com/rust-lang/crates.io-index"
checksum = "39cab71617ae0d63f51a36d69f866391735b51691dbda63cf6f96d042b63efeb"
dependencies = [
 "libc",
 "windows-sys 0.61.2",
]

[[package]]
name = "find-msvc-tools"
version = "0.1.9"
source = "registry+https://github.com/rust-lang/crates.io-index"
checksum = "5baebc0774151f905a1a2cc41989300b1e6fbb29aff0ceffa1064fdd3088d582"

[[package]]
name = "itoa"
version = "1.0.17"
source = "registry+https://github.com/rust-lang/crates.io-index"
checksum = "92ecc6618181def0457392ccd0ee51198e065e016d1d527a7ac1b6dc7c1f09d2"

[[package]]
name = "lazy_static"
version = "1.5.0"
source = "registry+https://github.com/rust-lang/crates.io-index"
checksum = "bbd2bcb4c963f2ddae06a2efc7e9f3591312473c50c6685e1f298068316e66fe"

[[package]]
name = "libc"
version = "0.2.181"
source = "registry+https://github.com/rust-lang/crates.io-index"
checksum = "459427e2af2b9c839b132acb702a1c654d95e10f8c326bfc2ad11310e458b1c5"

[[package]]
name = "lock_api"
version = "0.4.14"
source = "registry+https://github.com/rust-lang/crates.io-index"
checksum = "224399e74b87b5f3557511d98dff8b14089b3dadafcab6bb93eab67d3aace965"
dependencies = [
 "scopeguard",
]

[[package]]
name = "log"
version = "0.4.29"
source = "registry+https://github.com/rust-lang/crates.io-index"
checksum = "5e5032e24019045c762d3c0f28f5b6b8bbf38563a65908389bf7978758920897"

[[package]]
name = "memchr"
version = "2.8.0"
source = "registry+https://github.com/rust-lang/crates.io-index"
checksum = "f8ca58f447f06ed17d5fc4043ce1b10dd205e060fb3ce5b979b8ed8e59ff3f79"

[[package]]
name = "mio"
version = "0.8.11"
source = "registry+https://github.com/rust-lang/crates.io-index"
checksum = "a4a650543ca06a924e8b371db273b2756685faae30f8487da1b56505a8f78b0c"
dependencies = [
 "libc",
 "log",
 "wasi",
 "windows-sys 0.48.0",
]

[[package]]
name = "mio"
version = "1.1.1"
source = "registry+https://github.com/rust-lang/crates.io-index"
checksum = "a69bcab0ad47271a0234d9422b131806bf3968021e5dc9328caf2d4cd58557fc"
dependencies = [
 "libc",
 "wasi",
 "windows-sys 0.61.2",
]

[[package]]
name = "parking_lot"
version = "0.12.5"
source = "registry+https://github.com/rust-lang/crates.io-index"
checksum = "93857453250e3077bd71ff98b6a65ea6621a19bb0f559a85248955ac12c45a1a"
dependencies = [
 "lock_api",
 "parking_lot_core",
]

[[package]]
name = "parking_lot_core"
version = "0.9.12"
source = "registry+https://github.com/rust-lang/crates.io-index"
checksum = "2621685985a2ebf1c516881c026032ac7deafcda1a2c9b7850dc81e3dfcb64c1"
dependencies = [
 "cfg-if",
 "libc",
 "redox_syscall",
 "smallvec",
 "windows-link",
]

[[package]]
name = "pin-project-lite"
version = "0.2.16"
source = "registry+https://github.com/rust-lang/crates.io-index"
checksum = "3b3cff922bd51709b605d9ead9aa71031d81447142d828eb4a6eba76fe619f9b"

[[package]]
name = "proc-macro2"
version = "1.0.106"
source = "registry+https://github.com/rust-lang/crates.io-index"
checksum = "8fd00f0bb2e90d81d1044c2b32617f68fcb9fa3bb7640c23e9c748e53fb30934"
dependencies = [
 "unicode-ident",
]

[[package]]
name = "quote"
version = "1.0.44"
source = "registry+https://github.com/rust-lang/crates.io-index"
checksum = "21b2ebcf727b7760c461f091f9f0f539b77b8e87f2fd88131e7f1b433b3cece4"
dependencies = [
 "proc-macro2",
]

[[package]]
name = "redox_syscall"
version = "0.5.18"
source = "registry+https://github.com/rust-lang/crates.io-index"
checksum = "ed2bf2547551a7053d6fdfafda3f938979645c44812fbfcda098faae3f1a362d"
dependencies = [
 "bitflags",
]

[[package]]
name = "regex"
version = "1.12.3"
source = "registry+https://github.com/rust-lang/crates.io-index"
checksum = "e10754a14b9137dd7b1e3e5b0493cc9171fdd105e0ab477f51b72e7f3ac0e276"
dependencies = [
 "aho-corasick",
 "memchr",
 "regex-automata",
 "regex-syntax",
]

[[package]]
name = "regex-automata"
version = "0.4.14"
source = "registry+https://github.com/rust-lang/crates.io-index"
checksum = "6e1dd4122fc1595e8162618945476892eefca7b88c52820e74af6262213cae8f"
dependencies = [
 "aho-corasick",
 "memchr",
 "regex-syntax",
]

[[package]]
name = "regex-syntax"
version = "0.8.10"
source = "registry+https://github.com/rust-lang/crates.io-index"
checksum = "dc897dd8d9e8bd1ed8cdad82b5966c3e0ecae09fb1907d58efaa013543185d0a"

[[package]]
name = "scopeguard"
version = "1.2.0"
source = "registry+https://github.com/rust-lang/crates.io-index"
checksum = "94143f37725109f92c262ed2cf5e59bce7498c01bcc1502d7b9afe439a4e9f49"

[[package]]
name = "serde"
version = "1.0.228"
source = "registry+https://github.com/rust-lang/crates.io-index"
checksum = "9a8e94ea7f378bd32cbbd37198a4a91436180c5bb472411e48b5ec2e2124ae9e"
dependencies = [
 "serde_core",
 "serde_derive",
]

[[package]]
name = "serde_core"
version = "1.0.228"
source = "registry+https://github.com/rust-lang/crates.io-index"
checksum = "41d385c7d4ca58e59fc732af25c3983b67ac852c1a25000afe1175de458b67ad"
dependencies = [
 "serde_derive",
]

[[package]]
name = "serde_derive"
version = "1.0.228"
source = "registry+https://github.com/rust-lang/crates.io-index"
checksum = "d540f220d3187173da220f885ab66608367b6574e925011a9353e4badda91d79"
dependencies = [
 "proc-macro2",
 "quote",
 "syn",
]

[[package]]
name = "serde_json"
version = "1.0.149"
source = "registry+https://github.com/rust-lang/crates.io-index"
checksum = "83fc039473c5595ace860d8c4fafa220ff474b3fc6bfdb4293327f1a37e94d86"
dependencies = [
 "itoa",
 "memchr",
 "serde",
 "serde_core",
 "zmij",
]

[[package]]
name = "shlex"
version = "1.3.0"
source = "registry+https://github.com/rust-lang/crates.io-index"
checksum = "0fda2ff0d084019ba4d7c6f371c95d8fd75ce3524c3cb8fb653a3023f6323e64"

[[package]]
name = "signal-hook"
version = "0.3.18"
source = "registry+https://github.com/rust-lang/crates.io-index"
checksum = "d881a16cf4426aa584979d30bd82cb33429027e42122b169753d6ef1085ed6e2"
dependencies = [
 "libc",
 "signal-hook-registry",
]

[[package]]
name = "signal-hook-mio"
version = "0.2.5"
source = "registry+https://github.com/rust-lang/crates.io-index"
checksum = "b75a19a7a740b25bc7944bdee6172368f988763b744e3d4dfe753f6b4ece40cc"
dependencies = [
 "libc",
 "mio 0.8.11",
 "signal-hook",
]

[[package]]
name = "signal-hook-registry"
version = "1.4.8"
source = "registry+https://github.com/rust-lang/crates.io-index"
checksum = "c4db69cba1110affc0e9f7bcd48bbf87b3f4fc7c61fc9155afd4c469eb3d6c1b"
dependencies = [
 "errno",
 "libc",
]

[[package]]
name = "smallvec"
version = "1.15.1"
source = "registry+https://github.com/rust-lang/crates.io-index"
checksum = "67b1b7a3b5fe4f1376887184045fcf45c69e92af734b7aaddc05fb777b6fbd03"

[[package]]
name = "streaming-iterator"
version = "0.1.9"
source = "registry+https://github.com/rust-lang/crates.io-index"
checksum = "2b2231b7c3057d5e4ad0156fb3dc807d900806020c5ffa3ee6ff2c8c76fb8520"

[[package]]
name = "syn"
version = "2.0.114"
source = "registry+https://github.com/rust-lang/crates.io-index"
checksum = "d4d107df263a3013ef9b1879b0df87d706ff80f65a86ea879bd9c31f9b307c2a"
dependencies = [
 "proc-macro2",
 "quote",
 "unicode-ident",
]

[[package]]
name = "tokio"
version = "1.49.0"
source = "registry+https://github.com/rust-lang/crates.io-index"
checksum = "72a2903cd7736441aac9df9d7688bd0ce48edccaadf181c3b90be801e81d3d86"
dependencies = [
 "bytes",
 "libc",
 "mio 1.1.1",
 "pin-project-lite",
 "signal-hook-registry",
 "tokio-macros",
 "windows-sys 0.61.2",
]

[[package]]
name = "tokio-macros"
version = "2.6.0"
source = "registry+https://github.com/rust-lang/crates.io-index"
checksum = "af407857209536a95c8e56f8231ef2c2e2aff839b22e07a1ffcbc617e9db9fa5"
dependencies = [
 "proc-macro2",
 "quote",
 "syn",
]

[[package]]
name = "tree-sitter"
version = "0.20.10"
source = "registry+https://github.com/rust-lang/crates.io-index"
checksum = "e747b1f9b7b931ed39a548c1fae149101497de3c1fc8d9e18c62c1a66c683d3d"
dependencies = [
 "cc",
 "regex",
]

[[package]]
name = "tree-sitter-language"
version = "0.1.7"
source = "registry+https://github.com/rust-lang/crates.io-index"
checksum = "009994f150cc0cd50ff54917d5bc8bffe8cad10ca10d81c34da2ec421ae61782"

[[package]]
name = "unicode-ident"
version = "1.0.23"
source = "registry+https://github.com/rust-lang/crates.io-index"
checksum = "537dd038a89878be9b64dd4bd1b260315c1bb94f4d784956b81e27a088d9a09e"

[[package]]
name = "wasi"
version = "0.11.1+wasi-snapshot-preview1"
source = "registry+https://github.com/rust-lang/crates.io-index"
checksum = "ccf3ec651a847eb01de73ccad15eb7d99f80485de043efb2f370cd654f4ea44b"

[[package]]
name = "winapi"
version = "0.3.9"
source = "registry+https://github.com/rust-lang/crates.io-index"
checksum = "5c839a674fcd7a98952e593242ea400abe93992746761e38641405d28b00f419"
dependencies = [
 "winapi-i686-pc-windows-gnu",
 "winapi-x86_64-pc-windows-gnu",
]

[[package]]
name = "winapi-i686-pc-windows-gnu"
version = "0.4.0"
source = "registry+https://github.com/rust-lang/crates.io-index"
checksum = "ac3b87c63620426dd9b991e5ce0329eff545bccbbb34f3be09ff6fb6ab51b7b6"

[[package]]
name = "winapi-x86_64-pc-windows-gnu"
version = "0.4.0"
source = "registry+https://github.com/rust-lang/crates.io-index"
checksum = "712e227841d057c1ee1cd2fb22fa7e5a5461ae8e48fa2ca79ec42cfc1931183f"

[[package]]
name = "windows-link"
version = "0.2.1"
source = "registry+https://github.com/rust-lang/crates.io-index"
checksum = "f0805222e57f7521d6a62e36fa9163bc891acd422f971defe97d64e70d0a4fe5"

[[package]]
name = "windows-sys"
version = "0.48.0"
source = "registry+https://github.com/rust-lang/crates.io-index"
checksum = "677d2418bec65e3338edb076e806bc1ec15693c5d0104683f2efe857f61056a9"
dependencies = [
 "windows-targets",
]

[[package]]
name = "windows-sys"
version = "0.61.2"
source = "registry+https://github.com/rust-lang/crates.io-index"
checksum = "ae137229bcbd6cdf0f7b80a31df61766145077ddf49416a728b02cb3921ff3fc"
dependencies = [
 "windows-link",
]

[[package]]
name = "windows-targets"
version = "0.48.5"
source = "registry+https://github.com/rust-lang/crates.io-index"
checksum = "9a2fa6e2155d7247be68c096456083145c183cbbbc2764150dda45a87197940c"
dependencies = [
 "windows_aarch64_gnullvm",
 "windows_aarch64_msvc",
 "windows_i686_gnu",
 "windows_i686_msvc",
 "windows_x86_64_gnu",
 "windows_x86_64_gnullvm",
 "windows_x86_64_msvc",
]

[[package]]
name = "windows_aarch64_gnullvm"
version = "0.48.5"
source = "registry+https://github.com/rust-lang/crates.io-index"
checksum = "2b38e32f0abccf9987a4e3079dfb67dcd799fb61361e53e2882c3cbaf0d905d8"

[[package]]
name = "windows_aarch64_msvc"
version = "0.48.5"
source = "registry+https://github.com/rust-lang/crates.io-index"
checksum = "dc35310971f3b2dbbf3f0690a219f40e2d9afcf64f9ab7cc1be722937c26b4bc"

[[package]]
name = "windows_i686_gnu"
version = "0.48.5"
source = "registry+https://github.com/rust-lang/crates.io-index"
checksum = "a75915e7def60c94dcef72200b9a8e58e5091744960da64ec734a6c6e9b3743e"

[[package]]
name = "windows_i686_msvc"
version = "0.48.5"
source = "registry+https://github.com/rust-lang/crates.io-index"
checksum = "8f55c233f70c4b27f66c523580f78f1004e8b5a8b659e05a4eb49d4166cca406"

[[package]]
name = "windows_x86_64_gnu"
version = "0.48.5"
source = "registry+https://github.com/rust-lang/crates.io-index"
checksum = "53d40abd2583d23e4718fddf1ebec84dbff8381c07cae67ff7768bbf19c6718e"

[[package]]
name = "windows_x86_64_gnullvm"
version = "0.48.5"
source = "registry+https://github.com/rust-lang/crates.io-index"
checksum = "0b7b52767868a23d5bab768e390dc5f5c55825b6d30b86c844ff2dc7414044cc"

[[package]]
name = "windows_x86_64_msvc"
version = "0.48.5"
source = "registry+https://github.com/rust-lang/crates.io-index"
checksum = "ed94fce61571a4006852b7389a063ab983c02eb1bb37b47f8272ce92d06d9538"

[[package]]
name = "zmij"
version = "1.0.20"
source = "registry+https://github.com/rust-lang/crates.io-index"
checksum = "4de98dfa5d5b7fef4ee834d0073d560c9ca7b6c46a71d058c48db7960f8cfaf7"
